
Microsoft Visual Studio Solution File, Format Version 12.00
# Visual Studio Version 17
VisualStudioVersion = 17.7.34031.279
MinimumVisualStudioVersion = 10.0.40219.1
Project("{FAE04EC0-301F-11D3-BF4B-00C04F79EFBC}") = "osuMIDI", "osuMIDI\osuMIDI.csproj", "{A6BCB700-FE4B-4F3F-AF8B-13A7DD5AC4A2}"
EndProject
Global
	GlobalSection(SolutionConfigurationPlatforms) = preSolution
		Debug|Any CPU = Debug|Any CPU
		Debug|x64 = Debug|x64
		Release|Any CPU = Release|Any CPU
		Release|x64 = Release|x64
	EndGlobalSection
	GlobalSection(ProjectConfigurationPlatforms) = postSolution
		{A6BCB700-FE4B-4F3F-AF8B-13A7DD5AC4A2}.Debug|Any CPU.ActiveCfg = Debug|Any CPU
		{A6BCB700-FE4B-4F3F-AF8B-13A7DD5AC4A2}.Debug|Any CPU.Build.0 = Debug|Any CPU
		{A6BCB700-FE4B-4F3F-AF8B-13A7DD5AC4A2}.Debug|x64.ActiveCfg = Debug|x64
		{A6BCB700-FE4B-4F3F-AF8B-13A7DD5AC4A2}.Debug|x64.Build.0 = Debug|x64
		{A6BCB700-FE4B-4F3F-AF8B-13A7DD5AC4A2}.Release|Any CPU.ActiveCfg = Release|Any CPU
		{A6BCB700-FE4B-4F3F-AF8B-13A7DD5AC4A2}.Release|Any CPU.Build.0 = Release|Any CPU
		{A6BCB700-FE4B-4F3F-AF8B-13A7DD5AC4A2}.Release|x64.ActiveCfg = Release|x64
		{A6BCB700-FE4B-4F3F-AF8B-13A7DD5AC4A2}.Release|x64.Build.0 = Release|x64
	EndGlobalSection
	GlobalSection(SolutionProperties) = preSolution
		HideSolutionNode = FALSE
	EndGlobalSection
	GlobalSection(ExtensibilityGlobals) = postSolution
		SolutionGuid = {20A801A6-D2CD-4E9E-8BBC-AE1FA8DF38BF}
	EndGlobalSection
EndGlobal
